
Microsoft Visual Studio Solution File, Format Version 12.00
# Visual Studio Version 16
VisualStudioVersion = 16.0.30114.105
MinimumVisualStudioVersion = 10.0.40219.1
Project("{9A19103F-16F7-4668-BE54-9A1E7A4F7556}") = "CoworkingApi", "CoworkingApi\CoworkingApi.csproj", "{5A952A65-A1C2-49B6-92C9-29D4C6B747C7}"
EndProject
Project("{2150E333-8FDC-42A3-9474-1A3956D46DE8}") = "1 Layers", "1 Layers", "{50995576-9051-4530-AFAB-130E752F9264}"
EndProject
Project("{2150E333-8FDC-42A3-9474-1A3956D46DE8}") = "1.1 Distributed Services", "1.1 Distributed Services", "{0B7A609C-E26A-4856-B214-8F71769FD5C1}"
EndProject
Project("{2150E333-8FDC-42A3-9474-1A3956D46DE8}") = "1.2 Applicaction", "1.2 Applicaction", "{66CAEE14-534A-468C-81AD-B9F302135BCC}"
EndProject
Project("{9A19103F-16F7-4668-BE54-9A1E7A4F7556}") = "Coworking.Api.Application", "Coworking.Api.Appication\Coworking.Api.Application.csproj", "{DD1153D8-EAA8-42D3-BCE8-17FE73FE5C9A}"
EndProject
Project("{9A19103F-16F7-4668-BE54-9A1E7A4F7556}") = "Coworking.Api.Application.Contracts", "Coworking.Api.Application.Contracts\Coworking.Api.Application.Contracts.csproj", "{001F042E-419B-4E80-B83F-59367719932B}"
EndProject
Project("{9A19103F-16F7-4668-BE54-9A1E7A4F7556}") = "Coworking.Api.Application.Tests", "Coworking.Api.Application.Tests\Coworking.Api.Application.Tests.csproj", "{0A02E6B2-0C0E-4235-9F4E-B27EE7E3DC65}"
EndProject
Project("{2150E333-8FDC-42A3-9474-1A3956D46DE8}") = "1.3 Business", "1.3 Business", "{3FC2C97D-88D5-4155-BA14-D5CCCC925A01}"
EndProject
Project("{9A19103F-16F7-4668-BE54-9A1E7A4F7556}") = "Coworking.Api.Bussiness", "Coworking.Api.Bussiness\Coworking.Api.Bussiness.csproj", "{7F775AB7-E9A9-4BB8-B169-3282C722E78B}"
EndProject
Project("{2150E333-8FDC-42A3-9474-1A3956D46DE8}") = "1.4 DataAccess", "1.4 DataAccess", "{142B2A8C-FCA9-4119-9654-A708D490FC9E}"
EndProject
Project("{9A19103F-16F7-4668-BE54-9A1E7A4F7556}") = "Coworking.Api.DataAccess", "Coworking.Api.DataAccess\Coworking.Api.DataAccess.csproj", "{508D0B6A-74F8-4ECF-A593-42695AE6F56E}"
EndProject
Project("{9A19103F-16F7-4668-BE54-9A1E7A4F7556}") = "Coworking.Api.DataAccess.Contracts", "Coworking.Api.DataAccess.Contracts\Coworking.Api.DataAccess.Contracts.csproj", "{11EEC0EA-3447-4BCC-930E-FF3205C21505}"
EndProject
Project("{2150E333-8FDC-42A3-9474-1A3956D46DE8}") = "1.5 Cross-Cutting", "1.5 Cross-Cutting", "{B85AF500-7956-448D-BD35-571EE20406A4}"
EndProject
Project("{9A19103F-16F7-4668-BE54-9A1E7A4F7556}") = "Coworking.Api.CrossCutting", "Coworking.Api.CrossCutting\Coworking.Api.CrossCutting.csproj", "{81B4E37E-D3DE-4AD0-A4CA-0F1C3F1AEFDC}"
EndProject
Global
	GlobalSection(SolutionConfigurationPlatforms) = preSolution
		Debug|Any CPU = Debug|Any CPU
		Release|Any CPU = Release|Any CPU
	EndGlobalSection
	GlobalSection(ProjectConfigurationPlatforms) = postSolution
		{5A952A65-A1C2-49B6-92C9-29D4C6B747C7}.Debug|Any CPU.ActiveCfg = Debug|Any CPU
		{5A952A65-A1C2-49B6-92C9-29D4C6B747C7}.Debug|Any CPU.Build.0 = Debug|Any CPU
		{5A952A65-A1C2-49B6-92C9-29D4C6B747C7}.Release|Any CPU.ActiveCfg = Release|Any CPU
		{5A952A65-A1C2-49B6-92C9-29D4C6B747C7}.Release|Any CPU.Build.0 = Release|Any CPU
		{DD1153D8-EAA8-42D3-BCE8-17FE73FE5C9A}.Debug|Any CPU.ActiveCfg = Debug|Any CPU
		{DD1153D8-EAA8-42D3-BCE8-17FE73FE5C9A}.Debug|Any CPU.Build.0 = Debug|Any CPU
		{DD1153D8-EAA8-42D3-BCE8-17FE73FE5C9A}.Release|Any CPU.ActiveCfg = Release|Any CPU
		{DD1153D8-EAA8-42D3-BCE8-17FE73FE5C9A}.Release|Any CPU.Build.0 = Release|Any CPU
		{001F042E-419B-4E80-B83F-59367719932B}.Debug|Any CPU.ActiveCfg = Debug|Any CPU
		{001F042E-419B-4E80-B83F-59367719932B}.Debug|Any CPU.Build.0 = Debug|Any CPU
		{001F042E-419B-4E80-B83F-59367719932B}.Release|Any CPU.ActiveCfg = Release|Any CPU
		{001F042E-419B-4E80-B83F-59367719932B}.Release|Any CPU.Build.0 = Release|Any CPU
		{0A02E6B2-0C0E-4235-9F4E-B27EE7E3DC65}.Debug|Any CPU.ActiveCfg = Debug|Any CPU
		{0A02E6B2-0C0E-4235-9F4E-B27EE7E3DC65}.Debug|Any CPU.Build.0 = Debug|Any CPU
		{0A02E6B2-0C0E-4235-9F4E-B27EE7E3DC65}.Release|Any CPU.ActiveCfg = Release|Any CPU
		{0A02E6B2-0C0E-4235-9F4E-B27EE7E3DC65}.Release|Any CPU.Build.0 = Release|Any CPU
		{7F775AB7-E9A9-4BB8-B169-3282C722E78B}.Debug|Any CPU.ActiveCfg = Debug|Any CPU
		{7F775AB7-E9A9-4BB8-B169-3282C722E78B}.Debug|Any CPU.Build.0 = Debug|Any CPU
		{7F775AB7-E9A9-4BB8-B169-3282C722E78B}.Release|Any CPU.ActiveCfg = Release|Any CPU
		{7F775AB7-E9A9-4BB8-B169-3282C722E78B}.Release|Any CPU.Build.0 = Release|Any CPU
		{508D0B6A-74F8-4ECF-A593-42695AE6F56E}.Debug|Any CPU.ActiveCfg = Debug|Any CPU
		{508D0B6A-74F8-4ECF-A593-42695AE6F56E}.Debug|Any CPU.Build.0 = Debug|Any CPU
		{508D0B6A-74F8-4ECF-A593-42695AE6F56E}.Release|Any CPU.ActiveCfg = Release|Any CPU
		{508D0B6A-74F8-4ECF-A593-42695AE6F56E}.Release|Any CPU.Build.0 = Release|Any CPU
		{11EEC0EA-3447-4BCC-930E-FF3205C21505}.Debug|Any CPU.ActiveCfg = Debug|Any CPU
		{11EEC0EA-3447-4BCC-930E-FF3205C21505}.Debug|Any CPU.Build.0 = Debug|Any CPU
		{11EEC0EA-3447-4BCC-930E-FF3205C21505}.Release|Any CPU.ActiveCfg = Release|Any CPU
		{11EEC0EA-3447-4BCC-930E-FF3205C21505}.Release|Any CPU.Build.0 = Release|Any CPU
		{81B4E37E-D3DE-4AD0-A4CA-0F1C3F1AEFDC}.Debug|Any CPU.ActiveCfg = Debug|Any CPU
		{81B4E37E-D3DE-4AD0-A4CA-0F1C3F1AEFDC}.Debug|Any CPU.Build.0 = Debug|Any CPU
		{81B4E37E-D3DE-4AD0-A4CA-0F1C3F1AEFDC}.Release|Any CPU.ActiveCfg = Release|Any CPU
		{81B4E37E-D3DE-4AD0-A4CA-0F1C3F1AEFDC}.Release|Any CPU.Build.0 = Release|Any CPU
	EndGlobalSection
	GlobalSection(SolutionProperties) = preSolution
		HideSolutionNode = FALSE
	EndGlobalSection
	GlobalSection(NestedProjects) = preSolution
		{5A952A65-A1C2-49B6-92C9-29D4C6B747C7} = {0B7A609C-E26A-4856-B214-8F71769FD5C1}
		{0B7A609C-E26A-4856-B214-8F71769FD5C1} = {50995576-9051-4530-AFAB-130E752F9264}
		{66CAEE14-534A-468C-81AD-B9F302135BCC} = {50995576-9051-4530-AFAB-130E752F9264}
		{DD1153D8-EAA8-42D3-BCE8-17FE73FE5C9A} = {66CAEE14-534A-468C-81AD-B9F302135BCC}
		{001F042E-419B-4E80-B83F-59367719932B} = {66CAEE14-534A-468C-81AD-B9F302135BCC}
		{0A02E6B2-0C0E-4235-9F4E-B27EE7E3DC65} = {66CAEE14-534A-468C-81AD-B9F302135BCC}
		{3FC2C97D-88D5-4155-BA14-D5CCCC925A01} = {50995576-9051-4530-AFAB-130E752F9264}
		{7F775AB7-E9A9-4BB8-B169-3282C722E78B} = {3FC2C97D-88D5-4155-BA14-D5CCCC925A01}
		{142B2A8C-FCA9-4119-9654-A708D490FC9E} = {50995576-9051-4530-AFAB-130E752F9264}
		{508D0B6A-74F8-4ECF-A593-42695AE6F56E} = {142B2A8C-FCA9-4119-9654-A708D490FC9E}
		{11EEC0EA-3447-4BCC-930E-FF3205C21505} = {142B2A8C-FCA9-4119-9654-A708D490FC9E}
		{B85AF500-7956-448D-BD35-571EE20406A4} = {50995576-9051-4530-AFAB-130E752F9264}
		{81B4E37E-D3DE-4AD0-A4CA-0F1C3F1AEFDC} = {B85AF500-7956-448D-BD35-571EE20406A4}
	EndGlobalSection
	GlobalSection(ExtensibilityGlobals) = postSolution
		SolutionGuid = {E810832F-626D-4C33-837D-F50F77BDBCC8}
	EndGlobalSection
EndGlobal
